
Microsoft Visual Studio Solution File, Format Version 12.00
# Visual Studio 15
VisualStudioVersion = 15.0.28010.2019
MinimumVisualStudioVersion = 10.0.40219.1
Project("{FAE04EC0-301F-11D3-BF4B-00C04F79EFBC}") = "FFXIVTool", "FFXIVTool\FFXIVTool.csproj", "{E226AAB7-5918-4E9F-B0EB-8D1AD9AC7BB9}"
EndProject
Project("{2150E333-8FDC-42A3-9474-1A3956D46DE8}") = "Release", "Release", "{92AFC387-0D61-4C2B-8450-436D5DF23097}"
	ProjectSection(SolutionItems) = preProject
		LICENSE.txt = LICENSE.txt
		README.txt = README.txt
	EndProjectSection
EndProject
Global
	GlobalSection(SolutionConfigurationPlatforms) = preSolution
		Debug|Any CPU = Debug|Any CPU
		Debug|x64 = Debug|x64
		Release|Any CPU = Release|Any CPU
		Release|x64 = Release|x64
	EndGlobalSection
	GlobalSection(ProjectConfigurationPlatforms) = postSolution
		{E226AAB7-5918-4E9F-B0EB-8D1AD9AC7BB9}.Debug|Any CPU.ActiveCfg = Debug|Any CPU
		{E226AAB7-5918-4E9F-B0EB-8D1AD9AC7BB9}.Debug|Any CPU.Build.0 = Debug|Any CPU
		{E226AAB7-5918-4E9F-B0EB-8D1AD9AC7BB9}.Debug|x64.ActiveCfg = Debug|x64
		{E226AAB7-5918-4E9F-B0EB-8D1AD9AC7BB9}.Debug|x64.Build.0 = Debug|x64
		{E226AAB7-5918-4E9F-B0EB-8D1AD9AC7BB9}.Release|Any CPU.ActiveCfg = Release|Any CPU
		{E226AAB7-5918-4E9F-B0EB-8D1AD9AC7BB9}.Release|Any CPU.Build.0 = Release|Any CPU
		{E226AAB7-5918-4E9F-B0EB-8D1AD9AC7BB9}.Release|x64.ActiveCfg = Release|Any CPU
		{E226AAB7-5918-4E9F-B0EB-8D1AD9AC7BB9}.Release|x64.Build.0 = Release|Any CPU
	EndGlobalSection
	GlobalSection(SolutionProperties) = preSolution
		HideSolutionNode = FALSE
	EndGlobalSection
	GlobalSection(ExtensibilityGlobals) = postSolution
		SolutionGuid = {80787A01-DA91-424D-8871-9EB93B79BD31}
	EndGlobalSection
EndGlobal
